
Microsoft Visual Studio Solution File, Format Version 12.00
# Visual Studio Version 17
VisualStudioVersion = 17.7.34009.444
MinimumVisualStudioVersion = 10.0.40219.1
Project("{2150E333-8FDC-42A3-9474-1A3956D46DE8}") = "Lektion1", "Lektion1", "{A05D0FBE-1D92-41EA-8369-7350290C11CA}"
EndProject
Project("{9A19103F-16F7-4668-BE54-9A1E7A4F7556}") = "Opgave3+4", "Opgave3+4\Opgave3+4.csproj", "{9FA0F6DC-3018-413F-9E00-6F5AB987C7F9}"
EndProject
Project("{9A19103F-16F7-4668-BE54-9A1E7A4F7556}") = "Opgave5", "Opgave5+6\Opgave5.csproj", "{389EB1F8-9BD0-46C8-8380-489704A5DD94}"
EndProject
Project("{2150E333-8FDC-42A3-9474-1A3956D46DE8}") = "Lektion2", "Lektion2", "{DBD2DAD6-4E84-4873-B1DF-F2F7AC630291}"
EndProject
Project("{2150E333-8FDC-42A3-9474-1A3956D46DE8}") = "Lektion2", "Lektion2", "{6BB53AE8-71F6-4E18-AEF8-E381BB190F44}"
EndProject
Project("{9A19103F-16F7-4668-BE54-9A1E7A4F7556}") = "Opgave3", "Fibonacci\Opgave3.csproj", "{21F2E066-BD53-4F20-A41B-48052FD22350}"
EndProject
Project("{9A19103F-16F7-4668-BE54-9A1E7A4F7556}") = "Opgave4", "Opgave4\Opgave4.csproj", "{323831C5-0B66-4BA9-8E40-A8A9737B40D5}"
EndProject
Project("{2150E333-8FDC-42A3-9474-1A3956D46DE8}") = "Lektion3", "Lektion3", "{511A01F2-E79F-4112-8509-9AA9AAACD9B6}"
EndProject
Project("{9A19103F-16F7-4668-BE54-9A1E7A4F7556}") = "Opgave3", "Opgave3.0\Opgave3.csproj", "{835F98C8-8693-4F60-8790-D940A3CDEF94}"
EndProject
Project("{FAE04EC0-301F-11D3-BF4B-00C04F79EFBC}") = "Opgave3.1", "Opgave3.1\Opgave3.1.csproj", "{DBBE7026-1096-4143-A565-9EB2513B128C}"
EndProject
Global
	GlobalSection(SolutionConfigurationPlatforms) = preSolution
		Debug|Any CPU = Debug|Any CPU
		Release|Any CPU = Release|Any CPU
	EndGlobalSection
	GlobalSection(ProjectConfigurationPlatforms) = postSolution
		{9FA0F6DC-3018-413F-9E00-6F5AB987C7F9}.Debug|Any CPU.ActiveCfg = Debug|Any CPU
		{9FA0F6DC-3018-413F-9E00-6F5AB987C7F9}.Debug|Any CPU.Build.0 = Debug|Any CPU
		{9FA0F6DC-3018-413F-9E00-6F5AB987C7F9}.Release|Any CPU.ActiveCfg = Release|Any CPU
		{9FA0F6DC-3018-413F-9E00-6F5AB987C7F9}.Release|Any CPU.Build.0 = Release|Any CPU
		{389EB1F8-9BD0-46C8-8380-489704A5DD94}.Debug|Any CPU.ActiveCfg = Debug|Any CPU
		{389EB1F8-9BD0-46C8-8380-489704A5DD94}.Debug|Any CPU.Build.0 = Debug|Any CPU
		{389EB1F8-9BD0-46C8-8380-489704A5DD94}.Release|Any CPU.ActiveCfg = Release|Any CPU
		{389EB1F8-9BD0-46C8-8380-489704A5DD94}.Release|Any CPU.Build.0 = Release|Any CPU
		{947C0650-EE2A-4AEC-923C-FB18A06EF832}.Debug|Any CPU.ActiveCfg = Debug|Any CPU
		{947C0650-EE2A-4AEC-923C-FB18A06EF832}.Debug|Any CPU.Build.0 = Debug|Any CPU
		{947C0650-EE2A-4AEC-923C-FB18A06EF832}.Release|Any CPU.ActiveCfg = Release|Any CPU
		{947C0650-EE2A-4AEC-923C-FB18A06EF832}.Release|Any CPU.Build.0 = Release|Any CPU
		{21F2E066-BD53-4F20-A41B-48052FD22350}.Debug|Any CPU.ActiveCfg = Debug|Any CPU
		{21F2E066-BD53-4F20-A41B-48052FD22350}.Debug|Any CPU.Build.0 = Debug|Any CPU
		{21F2E066-BD53-4F20-A41B-48052FD22350}.Release|Any CPU.ActiveCfg = Release|Any CPU
		{21F2E066-BD53-4F20-A41B-48052FD22350}.Release|Any CPU.Build.0 = Release|Any CPU
		{323831C5-0B66-4BA9-8E40-A8A9737B40D5}.Debug|Any CPU.ActiveCfg = Debug|Any CPU
		{323831C5-0B66-4BA9-8E40-A8A9737B40D5}.Debug|Any CPU.Build.0 = Debug|Any CPU
		{323831C5-0B66-4BA9-8E40-A8A9737B40D5}.Release|Any CPU.ActiveCfg = Release|Any CPU
		{323831C5-0B66-4BA9-8E40-A8A9737B40D5}.Release|Any CPU.Build.0 = Release|Any CPU
		{835F98C8-8693-4F60-8790-D940A3CDEF94}.Debug|Any CPU.ActiveCfg = Debug|Any CPU
		{835F98C8-8693-4F60-8790-D940A3CDEF94}.Debug|Any CPU.Build.0 = Debug|Any CPU
		{835F98C8-8693-4F60-8790-D940A3CDEF94}.Release|Any CPU.ActiveCfg = Release|Any CPU
		{835F98C8-8693-4F60-8790-D940A3CDEF94}.Release|Any CPU.Build.0 = Release|Any CPU
		{DBBE7026-1096-4143-A565-9EB2513B128C}.Debug|Any CPU.ActiveCfg = Debug|Any CPU
		{DBBE7026-1096-4143-A565-9EB2513B128C}.Debug|Any CPU.Build.0 = Debug|Any CPU
		{DBBE7026-1096-4143-A565-9EB2513B128C}.Release|Any CPU.ActiveCfg = Release|Any CPU
		{DBBE7026-1096-4143-A565-9EB2513B128C}.Release|Any CPU.Build.0 = Release|Any CPU
	EndGlobalSection
	GlobalSection(SolutionProperties) = preSolution
		HideSolutionNode = FALSE
	EndGlobalSection
	GlobalSection(NestedProjects) = preSolution
		{9FA0F6DC-3018-413F-9E00-6F5AB987C7F9} = {A05D0FBE-1D92-41EA-8369-7350290C11CA}
		{389EB1F8-9BD0-46C8-8380-489704A5DD94} = {A05D0FBE-1D92-41EA-8369-7350290C11CA}
		{947C0650-EE2A-4AEC-923C-FB18A06EF832} = {A05D0FBE-1D92-41EA-8369-7350290C11CA}
		{21F2E066-BD53-4F20-A41B-48052FD22350} = {6BB53AE8-71F6-4E18-AEF8-E381BB190F44}
		{323831C5-0B66-4BA9-8E40-A8A9737B40D5} = {6BB53AE8-71F6-4E18-AEF8-E381BB190F44}
		{835F98C8-8693-4F60-8790-D940A3CDEF94} = {511A01F2-E79F-4112-8509-9AA9AAACD9B6}
		{DBBE7026-1096-4143-A565-9EB2513B128C} = {511A01F2-E79F-4112-8509-9AA9AAACD9B6}
	EndGlobalSection
	GlobalSection(ExtensibilityGlobals) = postSolution
		SolutionGuid = {6AEB5426-2892-4C1C-B197-AB527B959035}
	EndGlobalSection
EndGlobal
