
Microsoft Visual Studio Solution File, Format Version 12.00
# Visual Studio Version 17
VisualStudioVersion = 17.7.34009.444
MinimumVisualStudioVersion = 10.0.40219.1
Project("{2150E333-8FDC-42A3-9474-1A3956D46DE8}") = "Lektion01", "Lektion01", "{A05D0FBE-1D92-41EA-8369-7350290C11CA}"
EndProject
Project("{9A19103F-16F7-4668-BE54-9A1E7A4F7556}") = "Opgave3+4", "Opgave3+4\Opgave3+4.csproj", "{9FA0F6DC-3018-413F-9E00-6F5AB987C7F9}"
EndProject
Project("{9A19103F-16F7-4668-BE54-9A1E7A4F7556}") = "Opgave5", "Opgave5+6\Opgave5.csproj", "{389EB1F8-9BD0-46C8-8380-489704A5DD94}"
EndProject
Project("{2150E333-8FDC-42A3-9474-1A3956D46DE8}") = "Lektion02", "Lektion02", "{6BB53AE8-71F6-4E18-AEF8-E381BB190F44}"
EndProject
Project("{9A19103F-16F7-4668-BE54-9A1E7A4F7556}") = "Opgave3", "Fibonacci\Opgave3.csproj", "{21F2E066-BD53-4F20-A41B-48052FD22350}"
EndProject
Project("{9A19103F-16F7-4668-BE54-9A1E7A4F7556}") = "Opgave4", "Opgave4\Opgave4.csproj", "{323831C5-0B66-4BA9-8E40-A8A9737B40D5}"
EndProject
Project("{2150E333-8FDC-42A3-9474-1A3956D46DE8}") = "Lektion03", "Lektion03", "{511A01F2-E79F-4112-8509-9AA9AAACD9B6}"
EndProject
Project("{9A19103F-16F7-4668-BE54-9A1E7A4F7556}") = "Opgave3", "Opgave3.0\Opgave3.csproj", "{835F98C8-8693-4F60-8790-D940A3CDEF94}"
EndProject
Project("{9A19103F-16F7-4668-BE54-9A1E7A4F7556}") = "Opgave3.1", "Opgave3.1\Opgave3.1.csproj", "{DBBE7026-1096-4143-A565-9EB2513B128C}"
EndProject
Project("{9A19103F-16F7-4668-BE54-9A1E7A4F7556}") = "TimeApp", "TimeApp\TimeApp.csproj", "{FD39EA2F-3AAB-4471-B512-F28E1F649A2B}"
EndProject
Project("{2150E333-8FDC-42A3-9474-1A3956D46DE8}") = "Lektion04", "Lektion04", "{0B146752-B717-4D16-B46A-C1935D264E03}"
EndProject
Project("{9A19103F-16F7-4668-BE54-9A1E7A4F7556}") = "Opgave4.1", "Opgave4.1\Opgave4.1.csproj", "{8CD47ECB-00DA-46FB-934C-32BCC8611B58}"
EndProject
Project("{9A19103F-16F7-4668-BE54-9A1E7A4F7556}") = "Opgave4.2", "Opgave4.2\Opgave4.2.csproj", "{958AF1AF-CA62-47C6-BC38-8C96827F4AAA}"
EndProject
Project("{9A19103F-16F7-4668-BE54-9A1E7A4F7556}") = "Opgave4.3", "Opgave4.3\Opgave4.3.csproj", "{53F4714E-EE5F-4021-B76B-A8612534A629}"
EndProject
Project("{9A19103F-16F7-4668-BE54-9A1E7A4F7556}") = "Opgave4.4", "Opgave4.4\Opgave4.4.csproj", "{98BE98A4-586C-4762-9D45-C96A94E692DC}"
EndProject
Project("{9A19103F-16F7-4668-BE54-9A1E7A4F7556}") = "Opgave4_5", "Opgave4_5\Opgave4_5.csproj", "{309E554E-9421-41AE-ABBA-0AFA919EC903}"
EndProject
Project("{9A19103F-16F7-4668-BE54-9A1E7A4F7556}") = "Opgave4_6", "Opgave4_6\Opgave4_6.csproj", "{01B8407E-3BAA-4521-A03D-E08025FAD91E}"
EndProject
Project("{2150E333-8FDC-42A3-9474-1A3956D46DE8}") = "Lektion05", "Lektion05", "{52D30666-C7DF-49D8-AFB7-2DA16393FDF1}"
EndProject
Project("{9A19103F-16F7-4668-BE54-9A1E7A4F7556}") = "Opgave5_1", "Opgave5_1\Opgave5_1.csproj", "{B69AE974-713F-4BC0-AB47-7BEDF318334B}"
EndProject
Project("{2150E333-8FDC-42A3-9474-1A3956D46DE8}") = "Leetcode spas", "Leetcode spas", "{036B5264-A807-4356-99CC-BC392D38FE56}"
EndProject
Project("{2150E333-8FDC-42A3-9474-1A3956D46DE8}") = "LongestSubstring", "LongestSubstring", "{BBA25040-ABA6-4B68-9522-A78579579CDB}"
EndProject
Project("{9A19103F-16F7-4668-BE54-9A1E7A4F7556}") = "FindLongestSubstring", "FindLongestSubstring\FindLongestSubstring.csproj", "{C9D49D21-6654-4CA4-B241-B53D87EB5119}"
EndProject
Project("{9A19103F-16F7-4668-BE54-9A1E7A4F7556}") = "Opgave5_3", "Opgave5_3\Opgave5_3.csproj", "{C936710D-7097-436C-B9E1-F4B1007909F3}"
EndProject
Project("{2150E333-8FDC-42A3-9474-1A3956D46DE8}") = "MergeSortedArray", "MergeSortedArray", "{43B90767-B319-44AE-9E10-2EC490CE2B70}"
EndProject
Project("{9A19103F-16F7-4668-BE54-9A1E7A4F7556}") = "MergeArraysSorted", "MergeArraysSorted\MergeArraysSorted.csproj", "{4853B912-CF4B-49BC-8D63-D1504830A02F}"
EndProject
Project("{2150E333-8FDC-42A3-9474-1A3956D46DE8}") = "Lektion06", "Lektion06", "{14159F2C-E56C-496D-B8B0-1866925180F4}"
EndProject
Project("{9A19103F-16F7-4668-BE54-9A1E7A4F7556}") = "Opgave6_1", "Opgave1\Opgave6_1.csproj", "{ADCDCAC0-0C60-43AD-9A8A-D33376E14949}"
EndProject
Project("{9A19103F-16F7-4668-BE54-9A1E7A4F7556}") = "Opgave6_2", "Opgave2\Opgave6_2.csproj", "{9CDFDBFC-B86B-440E-A6AF-BC4607CC5638}"
EndProject
Project("{9A19103F-16F7-4668-BE54-9A1E7A4F7556}") = "Opgave6_6", "Opgave6_6\Opgave6_6.csproj", "{053FEF88-14E1-4379-986C-A2A7835C651E}"
EndProject
Project("{9A19103F-16F7-4668-BE54-9A1E7A4F7556}") = "Opgave6_7", "Opgave6_7\Opgave6_7.csproj", "{A41CBAB5-BE83-426D-ACEE-85BCAD76224C}"
EndProject
Project("{9A19103F-16F7-4668-BE54-9A1E7A4F7556}") = "Opgave6_8", "Opgave6_8\Opgave6_8.csproj", "{32C7E127-A028-4B66-AFE4-CFE4A0D573FF}"
EndProject
Project("{9A19103F-16F7-4668-BE54-9A1E7A4F7556}") = "Opgave6_9", "Opgave 6_9\Opgave6_9.csproj", "{6BB1C4E5-1F99-4ECB-985A-F6B23C6F0DF9}"
EndProject
Project("{2150E333-8FDC-42A3-9474-1A3956D46DE8}") = "Lektion07", "Lektion07", "{06D8E9AE-D8D4-46F4-9280-35E675896201}"
EndProject
Project("{9A19103F-16F7-4668-BE54-9A1E7A4F7556}") = "Opgave7_1", "Opgave7_1\Opgave7_1.csproj", "{4AF2D3FB-A7CC-42F8-8A92-F781C05CDF37}"
EndProject
Project("{9A19103F-16F7-4668-BE54-9A1E7A4F7556}") = "Opgave7_4", "Opgave7_4\Opgave7_4.csproj", "{EE56FA84-3A89-45B0-93CB-ADF576D6AE7A}"
EndProject
Project("{9A19103F-16F7-4668-BE54-9A1E7A4F7556}") = "Opgave8_1", "Lektion8\Opgave8_1.csproj", "{F2355A59-1482-4A48-8359-7C604B29F55C}"
EndProject
Project("{2150E333-8FDC-42A3-9474-1A3956D46DE8}") = "Lektion08", "Lektion08", "{744296FB-88A3-4D79-9BF7-2F327797DE79}"
EndProject
Project("{2150E333-8FDC-42A3-9474-1A3956D46DE8}") = "RemoveElement.27", "RemoveElement.27", "{ECEC783D-4797-4CD1-8FF8-D3774754EAED}"
EndProject
Project("{9A19103F-16F7-4668-BE54-9A1E7A4F7556}") = "RemoveElement", "RemoveElement\RemoveElement.csproj", "{8A132D75-BA4F-44B3-BDBD-C9F423D735CD}"
EndProject
Project("{2150E333-8FDC-42A3-9474-1A3956D46DE8}") = "Lektion09", "Lektion09", "{19BF785D-B6E0-4657-AF3B-43774197B952}"
EndProject
Project("{9A19103F-16F7-4668-BE54-9A1E7A4F7556}") = "Opgave9_1", "Opgave9_1\Opgave9_1.csproj", "{95C137D4-C7E3-4D0C-BDE0-AF659085FF7F}"
EndProject
Project("{2150E333-8FDC-42A3-9474-1A3956D46DE8}") = "Lektion10", "Lektion10", "{B90FB330-484E-4669-8081-1B0CB59B1A1A}"
EndProject
Project("{9A19103F-16F7-4668-BE54-9A1E7A4F7556}") = "StartUp_CORE", "StartUp_CORE\StartUp_CORE.csproj", "{079CF1AE-4F70-4102-B068-AF48F25F85DD}"
EndProject
Global
	GlobalSection(SolutionConfigurationPlatforms) = preSolution
		Debug|Any CPU = Debug|Any CPU
		Release|Any CPU = Release|Any CPU
	EndGlobalSection
	GlobalSection(ProjectConfigurationPlatforms) = postSolution
		{9FA0F6DC-3018-413F-9E00-6F5AB987C7F9}.Debug|Any CPU.ActiveCfg = Debug|Any CPU
		{9FA0F6DC-3018-413F-9E00-6F5AB987C7F9}.Debug|Any CPU.Build.0 = Debug|Any CPU
		{9FA0F6DC-3018-413F-9E00-6F5AB987C7F9}.Release|Any CPU.ActiveCfg = Release|Any CPU
		{9FA0F6DC-3018-413F-9E00-6F5AB987C7F9}.Release|Any CPU.Build.0 = Release|Any CPU
		{389EB1F8-9BD0-46C8-8380-489704A5DD94}.Debug|Any CPU.ActiveCfg = Debug|Any CPU
		{389EB1F8-9BD0-46C8-8380-489704A5DD94}.Debug|Any CPU.Build.0 = Debug|Any CPU
		{389EB1F8-9BD0-46C8-8380-489704A5DD94}.Release|Any CPU.ActiveCfg = Release|Any CPU
		{389EB1F8-9BD0-46C8-8380-489704A5DD94}.Release|Any CPU.Build.0 = Release|Any CPU
		{21F2E066-BD53-4F20-A41B-48052FD22350}.Debug|Any CPU.ActiveCfg = Debug|Any CPU
		{21F2E066-BD53-4F20-A41B-48052FD22350}.Debug|Any CPU.Build.0 = Debug|Any CPU
		{21F2E066-BD53-4F20-A41B-48052FD22350}.Release|Any CPU.ActiveCfg = Release|Any CPU
		{21F2E066-BD53-4F20-A41B-48052FD22350}.Release|Any CPU.Build.0 = Release|Any CPU
		{323831C5-0B66-4BA9-8E40-A8A9737B40D5}.Debug|Any CPU.ActiveCfg = Debug|Any CPU
		{323831C5-0B66-4BA9-8E40-A8A9737B40D5}.Debug|Any CPU.Build.0 = Debug|Any CPU
		{323831C5-0B66-4BA9-8E40-A8A9737B40D5}.Release|Any CPU.ActiveCfg = Release|Any CPU
		{323831C5-0B66-4BA9-8E40-A8A9737B40D5}.Release|Any CPU.Build.0 = Release|Any CPU
		{835F98C8-8693-4F60-8790-D940A3CDEF94}.Debug|Any CPU.ActiveCfg = Debug|Any CPU
		{835F98C8-8693-4F60-8790-D940A3CDEF94}.Debug|Any CPU.Build.0 = Debug|Any CPU
		{835F98C8-8693-4F60-8790-D940A3CDEF94}.Release|Any CPU.ActiveCfg = Release|Any CPU
		{835F98C8-8693-4F60-8790-D940A3CDEF94}.Release|Any CPU.Build.0 = Release|Any CPU
		{DBBE7026-1096-4143-A565-9EB2513B128C}.Debug|Any CPU.ActiveCfg = Debug|Any CPU
		{DBBE7026-1096-4143-A565-9EB2513B128C}.Debug|Any CPU.Build.0 = Debug|Any CPU
		{DBBE7026-1096-4143-A565-9EB2513B128C}.Release|Any CPU.ActiveCfg = Release|Any CPU
		{DBBE7026-1096-4143-A565-9EB2513B128C}.Release|Any CPU.Build.0 = Release|Any CPU
		{FD39EA2F-3AAB-4471-B512-F28E1F649A2B}.Debug|Any CPU.ActiveCfg = Debug|Any CPU
		{FD39EA2F-3AAB-4471-B512-F28E1F649A2B}.Debug|Any CPU.Build.0 = Debug|Any CPU
		{FD39EA2F-3AAB-4471-B512-F28E1F649A2B}.Release|Any CPU.ActiveCfg = Release|Any CPU
		{FD39EA2F-3AAB-4471-B512-F28E1F649A2B}.Release|Any CPU.Build.0 = Release|Any CPU
		{8CD47ECB-00DA-46FB-934C-32BCC8611B58}.Debug|Any CPU.ActiveCfg = Debug|Any CPU
		{8CD47ECB-00DA-46FB-934C-32BCC8611B58}.Debug|Any CPU.Build.0 = Debug|Any CPU
		{8CD47ECB-00DA-46FB-934C-32BCC8611B58}.Release|Any CPU.ActiveCfg = Release|Any CPU
		{8CD47ECB-00DA-46FB-934C-32BCC8611B58}.Release|Any CPU.Build.0 = Release|Any CPU
		{958AF1AF-CA62-47C6-BC38-8C96827F4AAA}.Debug|Any CPU.ActiveCfg = Debug|Any CPU
		{958AF1AF-CA62-47C6-BC38-8C96827F4AAA}.Debug|Any CPU.Build.0 = Debug|Any CPU
		{958AF1AF-CA62-47C6-BC38-8C96827F4AAA}.Release|Any CPU.ActiveCfg = Release|Any CPU
		{958AF1AF-CA62-47C6-BC38-8C96827F4AAA}.Release|Any CPU.Build.0 = Release|Any CPU
		{53F4714E-EE5F-4021-B76B-A8612534A629}.Debug|Any CPU.ActiveCfg = Debug|Any CPU
		{53F4714E-EE5F-4021-B76B-A8612534A629}.Debug|Any CPU.Build.0 = Debug|Any CPU
		{53F4714E-EE5F-4021-B76B-A8612534A629}.Release|Any CPU.ActiveCfg = Release|Any CPU
		{53F4714E-EE5F-4021-B76B-A8612534A629}.Release|Any CPU.Build.0 = Release|Any CPU
		{98BE98A4-586C-4762-9D45-C96A94E692DC}.Debug|Any CPU.ActiveCfg = Debug|Any CPU
		{98BE98A4-586C-4762-9D45-C96A94E692DC}.Debug|Any CPU.Build.0 = Debug|Any CPU
		{98BE98A4-586C-4762-9D45-C96A94E692DC}.Release|Any CPU.ActiveCfg = Release|Any CPU
		{98BE98A4-586C-4762-9D45-C96A94E692DC}.Release|Any CPU.Build.0 = Release|Any CPU
		{309E554E-9421-41AE-ABBA-0AFA919EC903}.Debug|Any CPU.ActiveCfg = Debug|Any CPU
		{309E554E-9421-41AE-ABBA-0AFA919EC903}.Debug|Any CPU.Build.0 = Debug|Any CPU
		{309E554E-9421-41AE-ABBA-0AFA919EC903}.Release|Any CPU.ActiveCfg = Release|Any CPU
		{309E554E-9421-41AE-ABBA-0AFA919EC903}.Release|Any CPU.Build.0 = Release|Any CPU
		{01B8407E-3BAA-4521-A03D-E08025FAD91E}.Debug|Any CPU.ActiveCfg = Debug|Any CPU
		{01B8407E-3BAA-4521-A03D-E08025FAD91E}.Debug|Any CPU.Build.0 = Debug|Any CPU
		{01B8407E-3BAA-4521-A03D-E08025FAD91E}.Release|Any CPU.ActiveCfg = Release|Any CPU
		{01B8407E-3BAA-4521-A03D-E08025FAD91E}.Release|Any CPU.Build.0 = Release|Any CPU
		{B69AE974-713F-4BC0-AB47-7BEDF318334B}.Debug|Any CPU.ActiveCfg = Debug|Any CPU
		{B69AE974-713F-4BC0-AB47-7BEDF318334B}.Debug|Any CPU.Build.0 = Debug|Any CPU
		{B69AE974-713F-4BC0-AB47-7BEDF318334B}.Release|Any CPU.ActiveCfg = Release|Any CPU
		{B69AE974-713F-4BC0-AB47-7BEDF318334B}.Release|Any CPU.Build.0 = Release|Any CPU
		{C9D49D21-6654-4CA4-B241-B53D87EB5119}.Debug|Any CPU.ActiveCfg = Debug|Any CPU
		{C9D49D21-6654-4CA4-B241-B53D87EB5119}.Debug|Any CPU.Build.0 = Debug|Any CPU
		{C9D49D21-6654-4CA4-B241-B53D87EB5119}.Release|Any CPU.ActiveCfg = Release|Any CPU
		{C9D49D21-6654-4CA4-B241-B53D87EB5119}.Release|Any CPU.Build.0 = Release|Any CPU
		{C936710D-7097-436C-B9E1-F4B1007909F3}.Debug|Any CPU.ActiveCfg = Debug|Any CPU
		{C936710D-7097-436C-B9E1-F4B1007909F3}.Debug|Any CPU.Build.0 = Debug|Any CPU
		{C936710D-7097-436C-B9E1-F4B1007909F3}.Release|Any CPU.ActiveCfg = Release|Any CPU
		{C936710D-7097-436C-B9E1-F4B1007909F3}.Release|Any CPU.Build.0 = Release|Any CPU
		{4853B912-CF4B-49BC-8D63-D1504830A02F}.Debug|Any CPU.ActiveCfg = Debug|Any CPU
		{4853B912-CF4B-49BC-8D63-D1504830A02F}.Debug|Any CPU.Build.0 = Debug|Any CPU
		{4853B912-CF4B-49BC-8D63-D1504830A02F}.Release|Any CPU.ActiveCfg = Release|Any CPU
		{4853B912-CF4B-49BC-8D63-D1504830A02F}.Release|Any CPU.Build.0 = Release|Any CPU
		{ADCDCAC0-0C60-43AD-9A8A-D33376E14949}.Debug|Any CPU.ActiveCfg = Debug|Any CPU
		{ADCDCAC0-0C60-43AD-9A8A-D33376E14949}.Debug|Any CPU.Build.0 = Debug|Any CPU
		{ADCDCAC0-0C60-43AD-9A8A-D33376E14949}.Release|Any CPU.ActiveCfg = Release|Any CPU
		{ADCDCAC0-0C60-43AD-9A8A-D33376E14949}.Release|Any CPU.Build.0 = Release|Any CPU
		{9CDFDBFC-B86B-440E-A6AF-BC4607CC5638}.Debug|Any CPU.ActiveCfg = Debug|Any CPU
		{9CDFDBFC-B86B-440E-A6AF-BC4607CC5638}.Debug|Any CPU.Build.0 = Debug|Any CPU
		{9CDFDBFC-B86B-440E-A6AF-BC4607CC5638}.Release|Any CPU.ActiveCfg = Release|Any CPU
		{9CDFDBFC-B86B-440E-A6AF-BC4607CC5638}.Release|Any CPU.Build.0 = Release|Any CPU
		{053FEF88-14E1-4379-986C-A2A7835C651E}.Debug|Any CPU.ActiveCfg = Debug|Any CPU
		{053FEF88-14E1-4379-986C-A2A7835C651E}.Debug|Any CPU.Build.0 = Debug|Any CPU
		{053FEF88-14E1-4379-986C-A2A7835C651E}.Release|Any CPU.ActiveCfg = Release|Any CPU
		{053FEF88-14E1-4379-986C-A2A7835C651E}.Release|Any CPU.Build.0 = Release|Any CPU
		{A41CBAB5-BE83-426D-ACEE-85BCAD76224C}.Debug|Any CPU.ActiveCfg = Debug|Any CPU
		{A41CBAB5-BE83-426D-ACEE-85BCAD76224C}.Debug|Any CPU.Build.0 = Debug|Any CPU
		{A41CBAB5-BE83-426D-ACEE-85BCAD76224C}.Release|Any CPU.ActiveCfg = Release|Any CPU
		{A41CBAB5-BE83-426D-ACEE-85BCAD76224C}.Release|Any CPU.Build.0 = Release|Any CPU
		{32C7E127-A028-4B66-AFE4-CFE4A0D573FF}.Debug|Any CPU.ActiveCfg = Debug|Any CPU
		{32C7E127-A028-4B66-AFE4-CFE4A0D573FF}.Debug|Any CPU.Build.0 = Debug|Any CPU
		{32C7E127-A028-4B66-AFE4-CFE4A0D573FF}.Release|Any CPU.ActiveCfg = Release|Any CPU
		{32C7E127-A028-4B66-AFE4-CFE4A0D573FF}.Release|Any CPU.Build.0 = Release|Any CPU
		{6BB1C4E5-1F99-4ECB-985A-F6B23C6F0DF9}.Debug|Any CPU.ActiveCfg = Debug|Any CPU
		{6BB1C4E5-1F99-4ECB-985A-F6B23C6F0DF9}.Debug|Any CPU.Build.0 = Debug|Any CPU
		{6BB1C4E5-1F99-4ECB-985A-F6B23C6F0DF9}.Release|Any CPU.ActiveCfg = Release|Any CPU
		{6BB1C4E5-1F99-4ECB-985A-F6B23C6F0DF9}.Release|Any CPU.Build.0 = Release|Any CPU
		{4AF2D3FB-A7CC-42F8-8A92-F781C05CDF37}.Debug|Any CPU.ActiveCfg = Debug|Any CPU
		{4AF2D3FB-A7CC-42F8-8A92-F781C05CDF37}.Debug|Any CPU.Build.0 = Debug|Any CPU
		{4AF2D3FB-A7CC-42F8-8A92-F781C05CDF37}.Release|Any CPU.ActiveCfg = Release|Any CPU
		{4AF2D3FB-A7CC-42F8-8A92-F781C05CDF37}.Release|Any CPU.Build.0 = Release|Any CPU
		{EE56FA84-3A89-45B0-93CB-ADF576D6AE7A}.Debug|Any CPU.ActiveCfg = Debug|Any CPU
		{EE56FA84-3A89-45B0-93CB-ADF576D6AE7A}.Debug|Any CPU.Build.0 = Debug|Any CPU
		{EE56FA84-3A89-45B0-93CB-ADF576D6AE7A}.Release|Any CPU.ActiveCfg = Release|Any CPU
		{EE56FA84-3A89-45B0-93CB-ADF576D6AE7A}.Release|Any CPU.Build.0 = Release|Any CPU
		{F2355A59-1482-4A48-8359-7C604B29F55C}.Debug|Any CPU.ActiveCfg = Debug|Any CPU
		{F2355A59-1482-4A48-8359-7C604B29F55C}.Debug|Any CPU.Build.0 = Debug|Any CPU
		{F2355A59-1482-4A48-8359-7C604B29F55C}.Release|Any CPU.ActiveCfg = Release|Any CPU
		{F2355A59-1482-4A48-8359-7C604B29F55C}.Release|Any CPU.Build.0 = Release|Any CPU
		{8A132D75-BA4F-44B3-BDBD-C9F423D735CD}.Debug|Any CPU.ActiveCfg = Debug|Any CPU
		{8A132D75-BA4F-44B3-BDBD-C9F423D735CD}.Debug|Any CPU.Build.0 = Debug|Any CPU
		{8A132D75-BA4F-44B3-BDBD-C9F423D735CD}.Release|Any CPU.ActiveCfg = Release|Any CPU
		{8A132D75-BA4F-44B3-BDBD-C9F423D735CD}.Release|Any CPU.Build.0 = Release|Any CPU
		{95C137D4-C7E3-4D0C-BDE0-AF659085FF7F}.Debug|Any CPU.ActiveCfg = Debug|Any CPU
		{95C137D4-C7E3-4D0C-BDE0-AF659085FF7F}.Debug|Any CPU.Build.0 = Debug|Any CPU
		{95C137D4-C7E3-4D0C-BDE0-AF659085FF7F}.Release|Any CPU.ActiveCfg = Release|Any CPU
		{95C137D4-C7E3-4D0C-BDE0-AF659085FF7F}.Release|Any CPU.Build.0 = Release|Any CPU
		{079CF1AE-4F70-4102-B068-AF48F25F85DD}.Debug|Any CPU.ActiveCfg = Debug|Any CPU
		{079CF1AE-4F70-4102-B068-AF48F25F85DD}.Debug|Any CPU.Build.0 = Debug|Any CPU
		{079CF1AE-4F70-4102-B068-AF48F25F85DD}.Release|Any CPU.ActiveCfg = Release|Any CPU
		{079CF1AE-4F70-4102-B068-AF48F25F85DD}.Release|Any CPU.Build.0 = Release|Any CPU
	EndGlobalSection
	GlobalSection(SolutionProperties) = preSolution
		HideSolutionNode = FALSE
	EndGlobalSection
	GlobalSection(NestedProjects) = preSolution
		{9FA0F6DC-3018-413F-9E00-6F5AB987C7F9} = {A05D0FBE-1D92-41EA-8369-7350290C11CA}
		{389EB1F8-9BD0-46C8-8380-489704A5DD94} = {A05D0FBE-1D92-41EA-8369-7350290C11CA}
		{21F2E066-BD53-4F20-A41B-48052FD22350} = {6BB53AE8-71F6-4E18-AEF8-E381BB190F44}
		{323831C5-0B66-4BA9-8E40-A8A9737B40D5} = {6BB53AE8-71F6-4E18-AEF8-E381BB190F44}
		{835F98C8-8693-4F60-8790-D940A3CDEF94} = {511A01F2-E79F-4112-8509-9AA9AAACD9B6}
		{DBBE7026-1096-4143-A565-9EB2513B128C} = {511A01F2-E79F-4112-8509-9AA9AAACD9B6}
		{FD39EA2F-3AAB-4471-B512-F28E1F649A2B} = {511A01F2-E79F-4112-8509-9AA9AAACD9B6}
		{8CD47ECB-00DA-46FB-934C-32BCC8611B58} = {0B146752-B717-4D16-B46A-C1935D264E03}
		{958AF1AF-CA62-47C6-BC38-8C96827F4AAA} = {0B146752-B717-4D16-B46A-C1935D264E03}
		{53F4714E-EE5F-4021-B76B-A8612534A629} = {0B146752-B717-4D16-B46A-C1935D264E03}
		{98BE98A4-586C-4762-9D45-C96A94E692DC} = {0B146752-B717-4D16-B46A-C1935D264E03}
		{309E554E-9421-41AE-ABBA-0AFA919EC903} = {0B146752-B717-4D16-B46A-C1935D264E03}
		{01B8407E-3BAA-4521-A03D-E08025FAD91E} = {0B146752-B717-4D16-B46A-C1935D264E03}
		{B69AE974-713F-4BC0-AB47-7BEDF318334B} = {52D30666-C7DF-49D8-AFB7-2DA16393FDF1}
		{BBA25040-ABA6-4B68-9522-A78579579CDB} = {036B5264-A807-4356-99CC-BC392D38FE56}
		{C9D49D21-6654-4CA4-B241-B53D87EB5119} = {BBA25040-ABA6-4B68-9522-A78579579CDB}
		{C936710D-7097-436C-B9E1-F4B1007909F3} = {52D30666-C7DF-49D8-AFB7-2DA16393FDF1}
		{43B90767-B319-44AE-9E10-2EC490CE2B70} = {036B5264-A807-4356-99CC-BC392D38FE56}
		{4853B912-CF4B-49BC-8D63-D1504830A02F} = {43B90767-B319-44AE-9E10-2EC490CE2B70}
		{ADCDCAC0-0C60-43AD-9A8A-D33376E14949} = {14159F2C-E56C-496D-B8B0-1866925180F4}
		{9CDFDBFC-B86B-440E-A6AF-BC4607CC5638} = {14159F2C-E56C-496D-B8B0-1866925180F4}
		{053FEF88-14E1-4379-986C-A2A7835C651E} = {14159F2C-E56C-496D-B8B0-1866925180F4}
		{A41CBAB5-BE83-426D-ACEE-85BCAD76224C} = {14159F2C-E56C-496D-B8B0-1866925180F4}
		{32C7E127-A028-4B66-AFE4-CFE4A0D573FF} = {14159F2C-E56C-496D-B8B0-1866925180F4}
		{6BB1C4E5-1F99-4ECB-985A-F6B23C6F0DF9} = {14159F2C-E56C-496D-B8B0-1866925180F4}
		{4AF2D3FB-A7CC-42F8-8A92-F781C05CDF37} = {06D8E9AE-D8D4-46F4-9280-35E675896201}
		{EE56FA84-3A89-45B0-93CB-ADF576D6AE7A} = {06D8E9AE-D8D4-46F4-9280-35E675896201}
		{F2355A59-1482-4A48-8359-7C604B29F55C} = {744296FB-88A3-4D79-9BF7-2F327797DE79}
		{ECEC783D-4797-4CD1-8FF8-D3774754EAED} = {036B5264-A807-4356-99CC-BC392D38FE56}
		{8A132D75-BA4F-44B3-BDBD-C9F423D735CD} = {ECEC783D-4797-4CD1-8FF8-D3774754EAED}
		{95C137D4-C7E3-4D0C-BDE0-AF659085FF7F} = {19BF785D-B6E0-4657-AF3B-43774197B952}
		{079CF1AE-4F70-4102-B068-AF48F25F85DD} = {B90FB330-484E-4669-8081-1B0CB59B1A1A}
	EndGlobalSection
	GlobalSection(ExtensibilityGlobals) = postSolution
		SolutionGuid = {6AEB5426-2892-4C1C-B197-AB527B959035}
	EndGlobalSection
EndGlobal
