
Microsoft Visual Studio Solution File, Format Version 12.00
# Visual Studio Version 17
VisualStudioVersion = 17.7.34009.444
MinimumVisualStudioVersion = 10.0.40219.1
Project("{2150E333-8FDC-42A3-9474-1A3956D46DE8}") = "Lektion1", "Lektion1", "{A05D0FBE-1D92-41EA-8369-7350290C11CA}"
EndProject
Project("{9A19103F-16F7-4668-BE54-9A1E7A4F7556}") = "Opgave3+4", "Opgave3+4\Opgave3+4.csproj", "{9FA0F6DC-3018-413F-9E00-6F5AB987C7F9}"
EndProject
Project("{9A19103F-16F7-4668-BE54-9A1E7A4F7556}") = "Opgave5", "Opgave5+6\Opgave5.csproj", "{389EB1F8-9BD0-46C8-8380-489704A5DD94}"
EndProject
Project("{2150E333-8FDC-42A3-9474-1A3956D46DE8}") = "Lektion2", "Lektion2", "{6BB53AE8-71F6-4E18-AEF8-E381BB190F44}"
EndProject
Project("{9A19103F-16F7-4668-BE54-9A1E7A4F7556}") = "Opgave3", "Fibonacci\Opgave3.csproj", "{21F2E066-BD53-4F20-A41B-48052FD22350}"
EndProject
Project("{9A19103F-16F7-4668-BE54-9A1E7A4F7556}") = "Opgave4", "Opgave4\Opgave4.csproj", "{323831C5-0B66-4BA9-8E40-A8A9737B40D5}"
EndProject
Project("{2150E333-8FDC-42A3-9474-1A3956D46DE8}") = "Lektion3", "Lektion3", "{511A01F2-E79F-4112-8509-9AA9AAACD9B6}"
EndProject
Project("{9A19103F-16F7-4668-BE54-9A1E7A4F7556}") = "Opgave3", "Opgave3.0\Opgave3.csproj", "{835F98C8-8693-4F60-8790-D940A3CDEF94}"
EndProject
Project("{9A19103F-16F7-4668-BE54-9A1E7A4F7556}") = "Opgave3.1", "Opgave3.1\Opgave3.1.csproj", "{DBBE7026-1096-4143-A565-9EB2513B128C}"
EndProject
Project("{9A19103F-16F7-4668-BE54-9A1E7A4F7556}") = "TimeApp", "TimeApp\TimeApp.csproj", "{FD39EA2F-3AAB-4471-B512-F28E1F649A2B}"
EndProject
Project("{2150E333-8FDC-42A3-9474-1A3956D46DE8}") = "Lektion4", "Lektion4", "{0B146752-B717-4D16-B46A-C1935D264E03}"
EndProject
Project("{9A19103F-16F7-4668-BE54-9A1E7A4F7556}") = "Opgave4.1", "Opgave4.1\Opgave4.1.csproj", "{8CD47ECB-00DA-46FB-934C-32BCC8611B58}"
EndProject
Project("{9A19103F-16F7-4668-BE54-9A1E7A4F7556}") = "Opgave4.2", "Opgave4.2\Opgave4.2.csproj", "{958AF1AF-CA62-47C6-BC38-8C96827F4AAA}"
EndProject
Project("{FAE04EC0-301F-11D3-BF4B-00C04F79EFBC}") = "Opgave4.3", "Opgave4.3\Opgave4.3.csproj", "{53F4714E-EE5F-4021-B76B-A8612534A629}"
EndProject
Project("{FAE04EC0-301F-11D3-BF4B-00C04F79EFBC}") = "Opgave4.4", "Opgave4.4\Opgave4.4.csproj", "{98BE98A4-586C-4762-9D45-C96A94E692DC}"
EndProject
Project("{FAE04EC0-301F-11D3-BF4B-00C04F79EFBC}") = "Opgave4_5", "Opgave4_5\Opgave4_5.csproj", "{309E554E-9421-41AE-ABBA-0AFA919EC903}"
EndProject
Project("{FAE04EC0-301F-11D3-BF4B-00C04F79EFBC}") = "Opgave4_6", "Opgave4_6\Opgave4_6.csproj", "{01B8407E-3BAA-4521-A03D-E08025FAD91E}"
EndProject
Global
	GlobalSection(SolutionConfigurationPlatforms) = preSolution
		Debug|Any CPU = Debug|Any CPU
		Release|Any CPU = Release|Any CPU
	EndGlobalSection
	GlobalSection(ProjectConfigurationPlatforms) = postSolution
		{9FA0F6DC-3018-413F-9E00-6F5AB987C7F9}.Debug|Any CPU.ActiveCfg = Debug|Any CPU
		{9FA0F6DC-3018-413F-9E00-6F5AB987C7F9}.Debug|Any CPU.Build.0 = Debug|Any CPU
		{9FA0F6DC-3018-413F-9E00-6F5AB987C7F9}.Release|Any CPU.ActiveCfg = Release|Any CPU
		{9FA0F6DC-3018-413F-9E00-6F5AB987C7F9}.Release|Any CPU.Build.0 = Release|Any CPU
		{389EB1F8-9BD0-46C8-8380-489704A5DD94}.Debug|Any CPU.ActiveCfg = Debug|Any CPU
		{389EB1F8-9BD0-46C8-8380-489704A5DD94}.Debug|Any CPU.Build.0 = Debug|Any CPU
		{389EB1F8-9BD0-46C8-8380-489704A5DD94}.Release|Any CPU.ActiveCfg = Release|Any CPU
		{389EB1F8-9BD0-46C8-8380-489704A5DD94}.Release|Any CPU.Build.0 = Release|Any CPU
		{21F2E066-BD53-4F20-A41B-48052FD22350}.Debug|Any CPU.ActiveCfg = Debug|Any CPU
		{21F2E066-BD53-4F20-A41B-48052FD22350}.Debug|Any CPU.Build.0 = Debug|Any CPU
		{21F2E066-BD53-4F20-A41B-48052FD22350}.Release|Any CPU.ActiveCfg = Release|Any CPU
		{21F2E066-BD53-4F20-A41B-48052FD22350}.Release|Any CPU.Build.0 = Release|Any CPU
		{323831C5-0B66-4BA9-8E40-A8A9737B40D5}.Debug|Any CPU.ActiveCfg = Debug|Any CPU
		{323831C5-0B66-4BA9-8E40-A8A9737B40D5}.Debug|Any CPU.Build.0 = Debug|Any CPU
		{323831C5-0B66-4BA9-8E40-A8A9737B40D5}.Release|Any CPU.ActiveCfg = Release|Any CPU
		{323831C5-0B66-4BA9-8E40-A8A9737B40D5}.Release|Any CPU.Build.0 = Release|Any CPU
		{835F98C8-8693-4F60-8790-D940A3CDEF94}.Debug|Any CPU.ActiveCfg = Debug|Any CPU
		{835F98C8-8693-4F60-8790-D940A3CDEF94}.Debug|Any CPU.Build.0 = Debug|Any CPU
		{835F98C8-8693-4F60-8790-D940A3CDEF94}.Release|Any CPU.ActiveCfg = Release|Any CPU
		{835F98C8-8693-4F60-8790-D940A3CDEF94}.Release|Any CPU.Build.0 = Release|Any CPU
		{DBBE7026-1096-4143-A565-9EB2513B128C}.Debug|Any CPU.ActiveCfg = Debug|Any CPU
		{DBBE7026-1096-4143-A565-9EB2513B128C}.Debug|Any CPU.Build.0 = Debug|Any CPU
		{DBBE7026-1096-4143-A565-9EB2513B128C}.Release|Any CPU.ActiveCfg = Release|Any CPU
		{DBBE7026-1096-4143-A565-9EB2513B128C}.Release|Any CPU.Build.0 = Release|Any CPU
		{FD39EA2F-3AAB-4471-B512-F28E1F649A2B}.Debug|Any CPU.ActiveCfg = Debug|Any CPU
		{FD39EA2F-3AAB-4471-B512-F28E1F649A2B}.Debug|Any CPU.Build.0 = Debug|Any CPU
		{FD39EA2F-3AAB-4471-B512-F28E1F649A2B}.Release|Any CPU.ActiveCfg = Release|Any CPU
		{FD39EA2F-3AAB-4471-B512-F28E1F649A2B}.Release|Any CPU.Build.0 = Release|Any CPU
		{8CD47ECB-00DA-46FB-934C-32BCC8611B58}.Debug|Any CPU.ActiveCfg = Debug|Any CPU
		{8CD47ECB-00DA-46FB-934C-32BCC8611B58}.Debug|Any CPU.Build.0 = Debug|Any CPU
		{8CD47ECB-00DA-46FB-934C-32BCC8611B58}.Release|Any CPU.ActiveCfg = Release|Any CPU
		{8CD47ECB-00DA-46FB-934C-32BCC8611B58}.Release|Any CPU.Build.0 = Release|Any CPU
		{958AF1AF-CA62-47C6-BC38-8C96827F4AAA}.Debug|Any CPU.ActiveCfg = Debug|Any CPU
		{958AF1AF-CA62-47C6-BC38-8C96827F4AAA}.Debug|Any CPU.Build.0 = Debug|Any CPU
		{958AF1AF-CA62-47C6-BC38-8C96827F4AAA}.Release|Any CPU.ActiveCfg = Release|Any CPU
		{958AF1AF-CA62-47C6-BC38-8C96827F4AAA}.Release|Any CPU.Build.0 = Release|Any CPU
		{53F4714E-EE5F-4021-B76B-A8612534A629}.Debug|Any CPU.ActiveCfg = Debug|Any CPU
		{53F4714E-EE5F-4021-B76B-A8612534A629}.Debug|Any CPU.Build.0 = Debug|Any CPU
		{53F4714E-EE5F-4021-B76B-A8612534A629}.Release|Any CPU.ActiveCfg = Release|Any CPU
		{53F4714E-EE5F-4021-B76B-A8612534A629}.Release|Any CPU.Build.0 = Release|Any CPU
		{98BE98A4-586C-4762-9D45-C96A94E692DC}.Debug|Any CPU.ActiveCfg = Debug|Any CPU
		{98BE98A4-586C-4762-9D45-C96A94E692DC}.Debug|Any CPU.Build.0 = Debug|Any CPU
		{98BE98A4-586C-4762-9D45-C96A94E692DC}.Release|Any CPU.ActiveCfg = Release|Any CPU
		{98BE98A4-586C-4762-9D45-C96A94E692DC}.Release|Any CPU.Build.0 = Release|Any CPU
		{309E554E-9421-41AE-ABBA-0AFA919EC903}.Debug|Any CPU.ActiveCfg = Debug|Any CPU
		{309E554E-9421-41AE-ABBA-0AFA919EC903}.Debug|Any CPU.Build.0 = Debug|Any CPU
		{309E554E-9421-41AE-ABBA-0AFA919EC903}.Release|Any CPU.ActiveCfg = Release|Any CPU
		{309E554E-9421-41AE-ABBA-0AFA919EC903}.Release|Any CPU.Build.0 = Release|Any CPU
		{01B8407E-3BAA-4521-A03D-E08025FAD91E}.Debug|Any CPU.ActiveCfg = Debug|Any CPU
		{01B8407E-3BAA-4521-A03D-E08025FAD91E}.Debug|Any CPU.Build.0 = Debug|Any CPU
		{01B8407E-3BAA-4521-A03D-E08025FAD91E}.Release|Any CPU.ActiveCfg = Release|Any CPU
		{01B8407E-3BAA-4521-A03D-E08025FAD91E}.Release|Any CPU.Build.0 = Release|Any CPU
	EndGlobalSection
	GlobalSection(SolutionProperties) = preSolution
		HideSolutionNode = FALSE
	EndGlobalSection
	GlobalSection(NestedProjects) = preSolution
		{9FA0F6DC-3018-413F-9E00-6F5AB987C7F9} = {A05D0FBE-1D92-41EA-8369-7350290C11CA}
		{389EB1F8-9BD0-46C8-8380-489704A5DD94} = {A05D0FBE-1D92-41EA-8369-7350290C11CA}
		{21F2E066-BD53-4F20-A41B-48052FD22350} = {6BB53AE8-71F6-4E18-AEF8-E381BB190F44}
		{323831C5-0B66-4BA9-8E40-A8A9737B40D5} = {6BB53AE8-71F6-4E18-AEF8-E381BB190F44}
		{835F98C8-8693-4F60-8790-D940A3CDEF94} = {511A01F2-E79F-4112-8509-9AA9AAACD9B6}
		{DBBE7026-1096-4143-A565-9EB2513B128C} = {511A01F2-E79F-4112-8509-9AA9AAACD9B6}
		{FD39EA2F-3AAB-4471-B512-F28E1F649A2B} = {511A01F2-E79F-4112-8509-9AA9AAACD9B6}
		{8CD47ECB-00DA-46FB-934C-32BCC8611B58} = {0B146752-B717-4D16-B46A-C1935D264E03}
		{958AF1AF-CA62-47C6-BC38-8C96827F4AAA} = {0B146752-B717-4D16-B46A-C1935D264E03}
		{53F4714E-EE5F-4021-B76B-A8612534A629} = {0B146752-B717-4D16-B46A-C1935D264E03}
		{98BE98A4-586C-4762-9D45-C96A94E692DC} = {0B146752-B717-4D16-B46A-C1935D264E03}
		{309E554E-9421-41AE-ABBA-0AFA919EC903} = {0B146752-B717-4D16-B46A-C1935D264E03}
		{01B8407E-3BAA-4521-A03D-E08025FAD91E} = {0B146752-B717-4D16-B46A-C1935D264E03}
	EndGlobalSection
	GlobalSection(ExtensibilityGlobals) = postSolution
		SolutionGuid = {6AEB5426-2892-4C1C-B197-AB527B959035}
	EndGlobalSection
EndGlobal
